
Microsoft Visual Studio Solution File, Format Version 12.00
# Visual Studio Version 17
VisualStudioVersion = 17.6.33815.320
MinimumVisualStudioVersion = 10.0.40219.1
Project("{2150E333-8FDC-42A3-9474-1A3956D46DE8}") = "1 - Distributed Web Service Layer", "1 - Distributed Web Service Layer", "{A6DA2FFA-B965-4F0F-B146-920A977570B1}"
EndProject
Project("{2150E333-8FDC-42A3-9474-1A3956D46DE8}") = "2 - Application Layer", "2 - Application Layer", "{8EE35587-AFC2-4328-8054-B11EA7310240}"
EndProject
Project("{2150E333-8FDC-42A3-9474-1A3956D46DE8}") = "3 - Domain Layer", "3 - Domain Layer", "{C1CA8380-F682-4E5F-AA70-FA3CE1F4E081}"
EndProject
Project("{2150E333-8FDC-42A3-9474-1A3956D46DE8}") = "4 - Infrastucture Layer", "4 - Infrastucture Layer", "{63559436-BBEF-4A1C-BD9D-952D302DB6D9}"
EndProject
Project("{FAE04EC0-301F-11D3-BF4B-00C04F79EFBC}") = "VuelingExam.Distributed.WebService", "VuelingExam.Distributed.WebService\VuelingExam.Distributed.WebService.csproj", "{83E06D11-0EFD-4985-905B-45F02DC1355B}"
EndProject
Project("{FAE04EC0-301F-11D3-BF4B-00C04F79EFBC}") = "VuelingExam.Application.Service", "VuelingExam.Application.Service\VuelingExam.Application.Service.csproj", "{BEABBD70-9DA2-4B27-8733-484996FBF777}"
EndProject
Project("{FAE04EC0-301F-11D3-BF4B-00C04F79EFBC}") = "VuelingExam.Infrastucture.Repository", "VuelingExam.Infrastucture.Repository\VuelingExam.Infrastucture.Repository.csproj", "{BF91E0DF-25F0-4140-8D0B-C0FAC9E70856}"
EndProject
Project("{FAE04EC0-301F-11D3-BF4B-00C04F79EFBC}") = "VuelingExam.Domain.Entities", "VuelingExam.Domain.Entities\VuelingExam.Domain.Entities.csproj", "{46572354-0A49-4294-9677-863A514B7E7F}"
EndProject
Global
	GlobalSection(SolutionConfigurationPlatforms) = preSolution
		Debug|Any CPU = Debug|Any CPU
		Release|Any CPU = Release|Any CPU
	EndGlobalSection
	GlobalSection(ProjectConfigurationPlatforms) = postSolution
		{83E06D11-0EFD-4985-905B-45F02DC1355B}.Debug|Any CPU.ActiveCfg = Debug|Any CPU
		{83E06D11-0EFD-4985-905B-45F02DC1355B}.Debug|Any CPU.Build.0 = Debug|Any CPU
		{83E06D11-0EFD-4985-905B-45F02DC1355B}.Release|Any CPU.ActiveCfg = Release|Any CPU
		{83E06D11-0EFD-4985-905B-45F02DC1355B}.Release|Any CPU.Build.0 = Release|Any CPU
		{BEABBD70-9DA2-4B27-8733-484996FBF777}.Debug|Any CPU.ActiveCfg = Debug|Any CPU
		{BEABBD70-9DA2-4B27-8733-484996FBF777}.Debug|Any CPU.Build.0 = Debug|Any CPU
		{BEABBD70-9DA2-4B27-8733-484996FBF777}.Release|Any CPU.ActiveCfg = Release|Any CPU
		{BEABBD70-9DA2-4B27-8733-484996FBF777}.Release|Any CPU.Build.0 = Release|Any CPU
		{BF91E0DF-25F0-4140-8D0B-C0FAC9E70856}.Debug|Any CPU.ActiveCfg = Debug|Any CPU
		{BF91E0DF-25F0-4140-8D0B-C0FAC9E70856}.Debug|Any CPU.Build.0 = Debug|Any CPU
		{BF91E0DF-25F0-4140-8D0B-C0FAC9E70856}.Release|Any CPU.ActiveCfg = Release|Any CPU
		{BF91E0DF-25F0-4140-8D0B-C0FAC9E70856}.Release|Any CPU.Build.0 = Release|Any CPU
		{46572354-0A49-4294-9677-863A514B7E7F}.Debug|Any CPU.ActiveCfg = Debug|Any CPU
		{46572354-0A49-4294-9677-863A514B7E7F}.Debug|Any CPU.Build.0 = Debug|Any CPU
		{46572354-0A49-4294-9677-863A514B7E7F}.Release|Any CPU.ActiveCfg = Release|Any CPU
		{46572354-0A49-4294-9677-863A514B7E7F}.Release|Any CPU.Build.0 = Release|Any CPU
	EndGlobalSection
	GlobalSection(SolutionProperties) = preSolution
		HideSolutionNode = FALSE
	EndGlobalSection
	GlobalSection(NestedProjects) = preSolution
		{83E06D11-0EFD-4985-905B-45F02DC1355B} = {A6DA2FFA-B965-4F0F-B146-920A977570B1}
		{BEABBD70-9DA2-4B27-8733-484996FBF777} = {8EE35587-AFC2-4328-8054-B11EA7310240}
		{BF91E0DF-25F0-4140-8D0B-C0FAC9E70856} = {63559436-BBEF-4A1C-BD9D-952D302DB6D9}
		{46572354-0A49-4294-9677-863A514B7E7F} = {C1CA8380-F682-4E5F-AA70-FA3CE1F4E081}
	EndGlobalSection
	GlobalSection(ExtensibilityGlobals) = postSolution
		SolutionGuid = {1259B2F9-EB4B-44BD-AE46-B9C83C987567}
	EndGlobalSection
EndGlobal
